
Microsoft Visual Studio Solution File, Format Version 12.00
# Visual Studio Version 16
VisualStudioVersion = 16.0.31702.278
MinimumVisualStudioVersion = 10.0.40219.1
Project("{FAE04EC0-301F-11D3-BF4B-00C04F79EFBC}") = "kursovoy1", "kursovoy1.csproj", "{12B03646-9EC2-4AFC-B7DA-85B917343AC2}"
EndProject
Global
	GlobalSection(SolutionConfigurationPlatforms) = preSolution
		Debug|Any CPU = Debug|Any CPU
		Release|Any CPU = Release|Any CPU
	EndGlobalSection
	GlobalSection(ProjectConfigurationPlatforms) = postSolution
		{12B03646-9EC2-4AFC-B7DA-85B917343AC2}.Debug|Any CPU.ActiveCfg = Debug|Any CPU
		{12B03646-9EC2-4AFC-B7DA-85B917343AC2}.Debug|Any CPU.Build.0 = Debug|Any CPU
		{12B03646-9EC2-4AFC-B7DA-85B917343AC2}.Release|Any CPU.ActiveCfg = Release|Any CPU
		{12B03646-9EC2-4AFC-B7DA-85B917343AC2}.Release|Any CPU.Build.0 = Release|Any CPU
	EndGlobalSection
	GlobalSection(SolutionProperties) = preSolution
		HideSolutionNode = FALSE
	EndGlobalSection
	GlobalSection(ExtensibilityGlobals) = postSolution
		SolutionGuid = {4147A138-7446-4123-9DEF-DB64B6F2369A}
	EndGlobalSection
EndGlobal
